
Microsoft Visual Studio Solution File, Format Version 12.00
# Visual Studio Version 17
VisualStudioVersion = 17.8.34408.163
MinimumVisualStudioVersion = 10.0.40219.1
Project("{9A19103F-16F7-4668-BE54-9A1E7A4F7556}") = "1. Diagonal Difference", "Multidimensional Arrays - Exercise\1. Diagonal Difference.csproj", "{32A479E9-CFA7-45FD-881F-284907D4B717}"
EndProject
Project("{9A19103F-16F7-4668-BE54-9A1E7A4F7556}") = "2. Squares in Matrix", "2. Squares in Matrix\2. Squares in Matrix.csproj", "{AFDBB357-E700-4944-9ECD-2E045985BC51}"
EndProject
Project("{9A19103F-16F7-4668-BE54-9A1E7A4F7556}") = "3. Maximal Sum", "3. Maximal Sum\3. Maximal Sum.csproj", "{0839A7B0-0239-49EF-94BF-061290E8137E}"
EndProject
Project("{9A19103F-16F7-4668-BE54-9A1E7A4F7556}") = "4. Matrix Shuffling", "4. Matrix Shuffling\4. Matrix Shuffling.csproj", "{2677F749-B56F-4724-9566-1BE1A8FB321B}"
EndProject
Project("{9A19103F-16F7-4668-BE54-9A1E7A4F7556}") = "5. Snake Moves", "5. Snake Moves\5. Snake Moves.csproj", "{B8431CE7-2AA7-4B3A-8E45-F44669941912}"
EndProject
Project("{9A19103F-16F7-4668-BE54-9A1E7A4F7556}") = "6. Jagged Array Manipulator", "6. Jagged Array Manipulator\6. Jagged Array Manipulator.csproj", "{87C72A17-1586-4B61-A72F-82619AEFA6A9}"
EndProject
Project("{FAE04EC0-301F-11D3-BF4B-00C04F79EFBC}") = "7. Knight Game", "7. Knight Game\7. Knight Game.csproj", "{201787D4-7276-4ADA-88E8-F0DD6A146FA2}"
EndProject
Global
	GlobalSection(SolutionConfigurationPlatforms) = preSolution
		Debug|Any CPU = Debug|Any CPU
		Release|Any CPU = Release|Any CPU
	EndGlobalSection
	GlobalSection(ProjectConfigurationPlatforms) = postSolution
		{32A479E9-CFA7-45FD-881F-284907D4B717}.Debug|Any CPU.ActiveCfg = Debug|Any CPU
		{32A479E9-CFA7-45FD-881F-284907D4B717}.Debug|Any CPU.Build.0 = Debug|Any CPU
		{32A479E9-CFA7-45FD-881F-284907D4B717}.Release|Any CPU.ActiveCfg = Release|Any CPU
		{32A479E9-CFA7-45FD-881F-284907D4B717}.Release|Any CPU.Build.0 = Release|Any CPU
		{AFDBB357-E700-4944-9ECD-2E045985BC51}.Debug|Any CPU.ActiveCfg = Debug|Any CPU
		{AFDBB357-E700-4944-9ECD-2E045985BC51}.Debug|Any CPU.Build.0 = Debug|Any CPU
		{AFDBB357-E700-4944-9ECD-2E045985BC51}.Release|Any CPU.ActiveCfg = Release|Any CPU
		{AFDBB357-E700-4944-9ECD-2E045985BC51}.Release|Any CPU.Build.0 = Release|Any CPU
		{0839A7B0-0239-49EF-94BF-061290E8137E}.Debug|Any CPU.ActiveCfg = Debug|Any CPU
		{0839A7B0-0239-49EF-94BF-061290E8137E}.Debug|Any CPU.Build.0 = Debug|Any CPU
		{0839A7B0-0239-49EF-94BF-061290E8137E}.Release|Any CPU.ActiveCfg = Release|Any CPU
		{0839A7B0-0239-49EF-94BF-061290E8137E}.Release|Any CPU.Build.0 = Release|Any CPU
		{2677F749-B56F-4724-9566-1BE1A8FB321B}.Debug|Any CPU.ActiveCfg = Debug|Any CPU
		{2677F749-B56F-4724-9566-1BE1A8FB321B}.Debug|Any CPU.Build.0 = Debug|Any CPU
		{2677F749-B56F-4724-9566-1BE1A8FB321B}.Release|Any CPU.ActiveCfg = Release|Any CPU
		{2677F749-B56F-4724-9566-1BE1A8FB321B}.Release|Any CPU.Build.0 = Release|Any CPU
		{B8431CE7-2AA7-4B3A-8E45-F44669941912}.Debug|Any CPU.ActiveCfg = Debug|Any CPU
		{B8431CE7-2AA7-4B3A-8E45-F44669941912}.Debug|Any CPU.Build.0 = Debug|Any CPU
		{B8431CE7-2AA7-4B3A-8E45-F44669941912}.Release|Any CPU.ActiveCfg = Release|Any CPU
		{B8431CE7-2AA7-4B3A-8E45-F44669941912}.Release|Any CPU.Build.0 = Release|Any CPU
		{87C72A17-1586-4B61-A72F-82619AEFA6A9}.Debug|Any CPU.ActiveCfg = Debug|Any CPU
		{87C72A17-1586-4B61-A72F-82619AEFA6A9}.Debug|Any CPU.Build.0 = Debug|Any CPU
		{87C72A17-1586-4B61-A72F-82619AEFA6A9}.Release|Any CPU.ActiveCfg = Release|Any CPU
		{87C72A17-1586-4B61-A72F-82619AEFA6A9}.Release|Any CPU.Build.0 = Release|Any CPU
		{201787D4-7276-4ADA-88E8-F0DD6A146FA2}.Debug|Any CPU.ActiveCfg = Debug|Any CPU
		{201787D4-7276-4ADA-88E8-F0DD6A146FA2}.Debug|Any CPU.Build.0 = Debug|Any CPU
		{201787D4-7276-4ADA-88E8-F0DD6A146FA2}.Release|Any CPU.ActiveCfg = Release|Any CPU
		{201787D4-7276-4ADA-88E8-F0DD6A146FA2}.Release|Any CPU.Build.0 = Release|Any CPU
	EndGlobalSection
	GlobalSection(SolutionProperties) = preSolution
		HideSolutionNode = FALSE
	EndGlobalSection
	GlobalSection(ExtensibilityGlobals) = postSolution
		SolutionGuid = {96ACFD4B-E03B-4D92-A56E-04E983C9CF56}
	EndGlobalSection
EndGlobal
